
Microsoft Visual Studio Solution File, Format Version 12.00
# Visual Studio Version 17
VisualStudioVersion = 17.14.36221.1 d17.14
MinimumVisualStudioVersion = 10.0.40219.1
Project("{FAE04EC0-301F-11D3-BF4B-00C04F79EFBC}") = "ProductManagement", "ProductManagement.csproj", "{EDC5BAE3-5FC3-45FF-8420-F6235E5C3480}"
EndProject
Global
	GlobalSection(SolutionConfigurationPlatforms) = preSolution
		Debug|Any CPU = Debug|Any CPU
		Release|Any CPU = Release|Any CPU
	EndGlobalSection
	GlobalSection(ProjectConfigurationPlatforms) = postSolution
		{EDC5BAE3-5FC3-45FF-8420-F6235E5C3480}.Debug|Any CPU.ActiveCfg = Debug|Any CPU
		{EDC5BAE3-5FC3-45FF-8420-F6235E5C3480}.Debug|Any CPU.Build.0 = Debug|Any CPU
		{EDC5BAE3-5FC3-45FF-8420-F6235E5C3480}.Release|Any CPU.ActiveCfg = Release|Any CPU
		{EDC5BAE3-5FC3-45FF-8420-F6235E5C3480}.Release|Any CPU.Build.0 = Release|Any CPU
	EndGlobalSection
	GlobalSection(SolutionProperties) = preSolution
		HideSolutionNode = FALSE
	EndGlobalSection
	GlobalSection(ExtensibilityGlobals) = postSolution
		SolutionGuid = {5AD05556-B19D-4C1B-A6BA-98BDF324C27D}
	EndGlobalSection
EndGlobal
